Microsoft Visual Studio Solution File, Format Version 11.00
# Visual Studio 2008

Project("{463A905D-F365-CE62-C9FB-8164BB70002C}") = "2D-Platformer-Github", "Assembly-CSharp.csproj", "{65571494-EA79-B756-ADDB-082EBE12A075}"
EndProject
Global
	GlobalSection(SolutionConfigurationPlatforms) = preSolution
		Debug|Any CPU = Debug|Any CPU
		Release|Any CPU = Release|Any CPU
	EndGlobalSection
	GlobalSection(ProjectConfigurationPlatforms) = postSolution
		{65571494-EA79-B756-ADDB-082EBE12A075}.Debug|Any CPU.ActiveCfg = Debug|Any CPU
		{65571494-EA79-B756-ADDB-082EBE12A075}.Debug|Any CPU.Build.0 = Debug|Any CPU
		{65571494-EA79-B756-ADDB-082EBE12A075}.Release|Any CPU.ActiveCfg = Release|Any CPU
		{65571494-EA79-B756-ADDB-082EBE12A075}.Release|Any CPU.Build.0 = Release|Any CPU
	EndGlobalSection
	GlobalSection(SolutionProperties) = preSolution
		HideSolutionNode = FALSE
	EndGlobalSection
	GlobalSection(MonoDevelopProperties) = preSolution
		StartupItem = Assembly-CSharp.csproj
	EndGlobalSection
EndGlobal
